
Microsoft Visual Studio Solution File, Format Version 12.00
# Visual Studio Version 17
VisualStudioVersion = 17.3.32901.215
MinimumVisualStudioVersion = 10.0.40219.1
Project("{FAE04EC0-301F-11D3-BF4B-00C04F79EFBC}") = "ObjectOrientedPractics", "ObjectOrientedPractics\ObjectOrientedPractics.csproj", "{54E8CA02-2597-4C4F-8E4F-BADF460691DC}"
EndProject
Global
	GlobalSection(SolutionConfigurationPlatforms) = preSolution
		Debug|Any CPU = Debug|Any CPU
		Release|Any CPU = Release|Any CPU
	EndGlobalSection
	GlobalSection(ProjectConfigurationPlatforms) = postSolution
		{54E8CA02-2597-4C4F-8E4F-BADF460691DC}.Debug|Any CPU.ActiveCfg = Debug|Any CPU
		{54E8CA02-2597-4C4F-8E4F-BADF460691DC}.Debug|Any CPU.Build.0 = Debug|Any CPU
		{54E8CA02-2597-4C4F-8E4F-BADF460691DC}.Release|Any CPU.ActiveCfg = Release|Any CPU
		{54E8CA02-2597-4C4F-8E4F-BADF460691DC}.Release|Any CPU.Build.0 = Release|Any CPU
	EndGlobalSection
	GlobalSection(SolutionProperties) = preSolution
		HideSolutionNode = FALSE
	EndGlobalSection
	GlobalSection(ExtensibilityGlobals) = postSolution
		SolutionGuid = {7BA18488-F330-47AD-B462-09F71BE78AAC}
	EndGlobalSection
EndGlobal
